
Microsoft Visual Studio Solution File, Format Version 12.00
# Visual Studio Version 16
VisualStudioVersion = 16.0.34301.259
MinimumVisualStudioVersion = 10.0.40219.1
Project("{FAE04EC0-301F-11D3-BF4B-00C04F79EFBC}") = "CustomerManagement", "CustomerManagement\CustomerManagement.csproj", "{AD085743-8998-48E1-AAFB-45E5D34CC6E6}"
EndProject
Global
	GlobalSection(SolutionConfigurationPlatforms) = preSolution
		Debug|Any CPU = Debug|Any CPU
		Release|Any CPU = Release|Any CPU
	EndGlobalSection
	GlobalSection(ProjectConfigurationPlatforms) = postSolution
		{AD085743-8998-48E1-AAFB-45E5D34CC6E6}.Debug|Any CPU.ActiveCfg = Debug|Any CPU
		{AD085743-8998-48E1-AAFB-45E5D34CC6E6}.Debug|Any CPU.Build.0 = Debug|Any CPU
		{AD085743-8998-48E1-AAFB-45E5D34CC6E6}.Release|Any CPU.ActiveCfg = Release|Any CPU
		{AD085743-8998-48E1-AAFB-45E5D34CC6E6}.Release|Any CPU.Build.0 = Release|Any CPU
	EndGlobalSection
	GlobalSection(SolutionProperties) = preSolution
		HideSolutionNode = FALSE
	EndGlobalSection
	GlobalSection(ExtensibilityGlobals) = postSolution
		SolutionGuid = {3583A41F-51E6-4903-BFCD-726673DB7CEF}
	EndGlobalSection
EndGlobal
